{
  "name": "strapi-provider-email-smtp",
  "version": "1.0.0",
  "lockfileVersion": 1,
  "requires": true,
  "dependencies": {
    "lodash": {
      "version": "4.17.20",
      "resolved": "https://registry.npmjs.org/lodash/-/lodash-4.17.20.tgz",
      "integrity": "sha512-PlhdFcillOINfeV7Ni6oF1TAEayyZBoZ8bcshTHqOYJYlrqzRK5hagpagky5o4HfCzzd1TRkXPMFq6cKk9rGmA=="
    },
    "nodemailer": {
      "version": "6.4.11",
      "resolved": "https://registry.npmjs.org/nodemailer/-/nodemailer-6.4.11.tgz",
      "integrity": "sha512-BVZBDi+aJV4O38rxsUh164Dk1NCqgh6Cm0rQSb9SK/DHGll/DrCMnycVDD7msJgZCnmVa8ASo8EZzR7jsgTukQ=="
    }
  }
}
